# THIS IS AN AUTOGENERATED FILE. DO NOT EDIT THIS FILE DIRECTLY.
# yarn lockfile v1


"@types/svg-parser@^2.0.1":
  version "2.0.1"
  resolved "https://registry.yarnpkg.com/@types/svg-parser/-/svg-parser-2.0.1.tgz#a8efc0f2fe136126bfa30e337287b1491796ce0a"
  integrity sha512-YUD7JyBhzQBekLxSxw4+g463xE/Z1MWmdwlBp/ihRdJMI/JtzELS3J4hYOjwiS3hEeWQxonktHgrpaA1hUgsYw==

commander@2:
  version "2.20.3"
  resolved "https://registry.yarnpkg.com/commander/-/commander-2.20.3.tgz#fd485e84c03eb4881c20722ba48035e8531aeb33"
  integrity sha512-GpVkmM8vF2vQUkj2LvZmD35JxeJOLCwJ9cUkugyk2nuhbv3+mJvpLYYt+0+USMxE+oj+ey/lJEnhZw75x/OMcQ==

d3-array@^1.2.0:
  version "1.2.4"
  resolved "https://registry.yarnpkg.com/d3-array/-/d3-array-1.2.4.tgz#635ce4d5eea759f6f605863dbcfc30edc737f71f"
  integrity sha512-KHW6M86R+FUPYGb3R5XiYjXPq7VzwxZ22buHhAEVG5ztoEcZZMLov530mmccaqA1GghZArjQV46fuc8kUqhhHw==

d3-polygon@^1.0.3:
  version "1.0.6"
  resolved "https://registry.yarnpkg.com/d3-polygon/-/d3-polygon-1.0.6.tgz#0bf8cb8180a6dc107f518ddf7975e12abbfbd38e"
  integrity sha512-k+RF7WvI08PC8reEoXa/w2nSg5AUMTi+peBD9cmFc+0ixHfbs4QmxxkarVal1IkVkgxVuk9JSHhJURHiyHKAuQ==

earcut@^2.1.1:
  version "2.2.2"
  resolved "https://registry.yarnpkg.com/earcut/-/earcut-2.2.2.tgz#41b0bc35f63e0fe80da7cddff28511e7e2e80d11"
  integrity sha512-eZoZPPJcUHnfRZ0PjLvx2qBordSiO8ofC3vt+qACLM95u+4DovnbYNpQtJh0DNsWj8RnxrQytD4WA8gj5cRIaQ==

flubber@^0.4.2:
  version "0.4.2"
  resolved "https://registry.yarnpkg.com/flubber/-/flubber-0.4.2.tgz#14452d4a838cc3b9f2fb6175da94e35acd55fbaa"
  integrity sha512-79RkJe3rA4nvRCVc2uXjj7U/BAUq84TS3KHn6c0Hr9K64vhj83ZNLUziNx4pJoBumSPhOl5VjH+Z0uhi+eE8Uw==
  dependencies:
    d3-array "^1.2.0"
    d3-polygon "^1.0.3"
    earcut "^2.1.1"
    svg-path-properties "^0.2.1"
    svgpath "^2.2.1"
    topojson-client "^3.0.0"

svg-parser@^2.0.4:
  version "2.0.4"
  resolved "https://registry.yarnpkg.com/svg-parser/-/svg-parser-2.0.4.tgz#fdc2e29e13951736140b76cb122c8ee6630eb6b5"
  integrity sha512-e4hG1hRwoOdRb37cIMSgzNsxyzKfayW6VOflrwvR+/bzrkyxY/31WkbgnQpgtrNp1SdpJvpUAGTa/ZoiPNDuRQ==

svg-path-properties@^0.2.1:
  version "0.2.2"
  resolved "https://registry.yarnpkg.com/svg-path-properties/-/svg-path-properties-0.2.2.tgz#b073d81be7292eae0e233ab8a83f58dc27113296"
  integrity sha1-sHPYG+cpLq4OIzq4qD9Y3CcRMpY=

svgpath@^2.2.1:
  version "2.3.0"
  resolved "https://registry.yarnpkg.com/svgpath/-/svgpath-2.3.0.tgz#efc76705deab6bd1774e9f0ed038bb661b5e4d23"
  integrity sha512-N/4UDu3Y2ICik0daMmFW1tplw0XPs1nVIEVYkTiQfj9/JQZeEtAKaSYwheCwje1I4pQ5r22fGpoaNIvGgsyJyg==

topojson-client@^3.0.0:
  version "3.1.0"
  resolved "https://registry.yarnpkg.com/topojson-client/-/topojson-client-3.1.0.tgz#22e8b1ed08a2b922feeb4af6f53b6ef09a467b99"
  integrity sha512-605uxS6bcYxGXw9qi62XyrV6Q3xwbndjachmNxu8HWTtVPxZfEJN9fd/SZS1Q54Sn2y0TMyMxFj/cJINqGHrKw==
  dependencies:
    commander "2"

typescript@^4.0.3:
  version "4.0.3"
  resolved "https://registry.yarnpkg.com/typescript/-/typescript-4.0.3.tgz#153bbd468ef07725c1df9c77e8b453f8d36abba5"
  integrity sha512-tEu6DGxGgRJPb/mVPIZ48e69xCn2yRmCgYmDugAVwmJ6o+0u1RI18eO7E7WBTLYLaEVVOhwQmcdhQHweux/WPg==
